
Microsoft Visual Studio Solution File, Format Version 12.00
# Visual Studio Version 17
VisualStudioVersion = 17.0.32126.315
MinimumVisualStudioVersion = 10.0.40219.1
Project("{2150E333-8FDC-42A3-9474-1A3956D46DE8}") = "Project Templates", "Project Templates", "{309D810A-FB76-489B-B6CE-0B5C7692BBD3}"
EndProject
Project("{2150E333-8FDC-42A3-9474-1A3956D46DE8}") = "Avalonia", "Avalonia", "{05A9FF68-54EB-4B4F-AFA0-7BE5842C2FE5}"
EndProject
Project("{2150E333-8FDC-42A3-9474-1A3956D46DE8}") = "Test", "Test", "{7DB775AE-10C1-4CEA-B3F5-E7438C0F420A}"
EndProject
Project("{2150E333-8FDC-42A3-9474-1A3956D46DE8}") = "Solution Items", "Solution Items", "{FD77B1C8-0414-4953-9C49-5A44E48F0EEC}"
	ProjectSection(SolutionItems) = preProject
		..\.editorconfig = ..\.editorconfig
		..\CHANGELOG.md = ..\CHANGELOG.md
		GlobalSuppressions.cs = GlobalSuppressions.cs
		..\LICENSE.md = ..\LICENSE.md
		..\README.md = ..\README.md
		StyleCop.json = StyleCop.json
		TestCert.pfx = TestCert.pfx
	EndProjectSection
EndProject
Project("{D954291E-2A0B-460D-934E-DC6B0785DB48}") = "SharedFunctionality.Core", "SharedFunctionality.Core\SharedFunctionality.Core.shproj", "{40CAA13A-A94E-43F4-916D-070E15883878}"
EndProject
Project("{D954291E-2A0B-460D-934E-DC6B0785DB48}") = "SharedFunctionality.UI", "SharedFunctionality.UI\SharedFunctionality.UI.shproj", "{14171F44-37A1-4476-9877-92F9294C8864}"
EndProject
Project("{FAE04EC0-301F-11D3-BF4B-00C04F79EFBC}") = "SharedResources", "SharedResources\SharedResources.csproj", "{D617CF2A-6CED-4A31-B87C-3A890D0DDE93}"
EndProject
Project("{FAE04EC0-301F-11D3-BF4B-00C04F79EFBC}") = "TemplateStudioForAvalonia", "TemplateStudioForAvalonia\TemplateStudioForAvalonia.csproj", "{D53BB989-5FA3-4F0C-B67A-69D61F488723}"
EndProject
Project("{D954291E-2A0B-460D-934E-DC6B0785DB48}") = "SharedFunctionality.Tests", "test\SharedFunctionality.Tests\SharedFunctionality.Tests.shproj", "{7496482F-BAD2-428D-A337-5DC0137ECA3F}"
EndProject
Project("{9A19103F-16F7-4668-BE54-9A1E7A4F7556}") = "SharedFunctionality.Core.Tests", "test\SharedFunctionality.Core.Tests\SharedFunctionality.Core.Tests.csproj", "{3CEF00D1-B49D-4339-A54C-769E7D2B71BB}"
EndProject
Project("{FAE04EC0-301F-11D3-BF4B-00C04F79EFBC}") = "SharedFunctionality.UI.Tests", "test\SharedFunctionality.UI.Tests\SharedFunctionality.UI.Tests.csproj", "{61775323-739F-4765-82B8-FD43ED901A0B}"
EndProject
Project("{FAE04EC0-301F-11D3-BF4B-00C04F79EFBC}") = "TemplateStudioForWPF.Tests", "test\TemplateStudioForWPF.Tests\TemplateStudioForWPF.Tests.csproj", "{C662AD69-A1A7-4D95-A0A8-1DD33F537096}"
EndProject
Project("{FAE04EC0-301F-11D3-BF4B-00C04F79EFBC}") = "VsEmulator", "test\VsEmulator\VsEmulator.csproj", "{272B516C-0D73-4BA6-A97E-5C82D5C02ABD}"
EndProject
Project("{FAE04EC0-301F-11D3-BF4B-00C04F79EFBC}") = "Ts4AvaloniaCsTemplate", "ProjectTemplates\Avalonia\Cs\Ts4AvaloniaCsTemplate.csproj", "{98849B09-BB00-4680-999E-60CA37011A87}"
EndProject
Project("{FAE04EC0-301F-11D3-BF4B-00C04F79EFBC}") = "Ts4AvaloniaFsTemplate", "ProjectTemplates\Avalonia\Fs\Ts4AvaloniaFsTemplate.csproj", "{74ED48EE-940B-4F67-93ED-BDA344671BB0}"
EndProject
Global
	GlobalSection(SolutionConfigurationPlatforms) = preSolution
		Analyze|Any CPU = Analyze|Any CPU
		Analyze|arm64 = Analyze|arm64
		Analyze|x86 = Analyze|x86
		Debug|Any CPU = Debug|Any CPU
		Debug|arm64 = Debug|arm64
		Debug|x86 = Debug|x86
		DebugALL|Any CPU = DebugALL|Any CPU
		DebugALL|arm64 = DebugALL|arm64
		DebugALL|x86 = DebugALL|x86
		DebugUWP|Any CPU = DebugUWP|Any CPU
		DebugUWP|arm64 = DebugUWP|arm64
		DebugUWP|x86 = DebugUWP|x86
		DebugWinUICpp|Any CPU = DebugWinUICpp|Any CPU
		DebugWinUICpp|arm64 = DebugWinUICpp|arm64
		DebugWinUICpp|x86 = DebugWinUICpp|x86
		DebugWinUICs|Any CPU = DebugWinUICs|Any CPU
		DebugWinUICs|arm64 = DebugWinUICs|arm64
		DebugWinUICs|x86 = DebugWinUICs|x86
		DebugWPF|Any CPU = DebugWPF|Any CPU
		DebugWPF|arm64 = DebugWPF|arm64
		DebugWPF|x86 = DebugWPF|x86
		Release|Any CPU = Release|Any CPU
		Release|arm64 = Release|arm64
		Release|x86 = Release|x86
		ReleaseUWP|Any CPU = ReleaseUWP|Any CPU
		ReleaseUWP|arm64 = ReleaseUWP|arm64
		ReleaseUWP|x86 = ReleaseUWP|x86
		ReleaseWinUICpp|Any CPU = ReleaseWinUICpp|Any CPU
		ReleaseWinUICpp|arm64 = ReleaseWinUICpp|arm64
		ReleaseWinUICpp|x86 = ReleaseWinUICpp|x86
		ReleaseWinUICs|Any CPU = ReleaseWinUICs|Any CPU
		ReleaseWinUICs|arm64 = ReleaseWinUICs|arm64
		ReleaseWinUICs|x86 = ReleaseWinUICs|x86
		ReleaseWPF|Any CPU = ReleaseWPF|Any CPU
		ReleaseWPF|arm64 = ReleaseWPF|arm64
		ReleaseWPF|x86 = ReleaseWPF|x86
	EndGlobalSection
	GlobalSection(ProjectConfigurationPlatforms) = postSolution
		{D617CF2A-6CED-4A31-B87C-3A890D0DDE93}.Analyze|Any CPU.ActiveCfg = Debug|Any CPU
		{D617CF2A-6CED-4A31-B87C-3A890D0DDE93}.Analyze|Any CPU.Build.0 = Debug|Any CPU
		{D617CF2A-6CED-4A31-B87C-3A890D0DDE93}.Analyze|arm64.ActiveCfg = ReleaseWinUICs|Any CPU
		{D617CF2A-6CED-4A31-B87C-3A890D0DDE93}.Analyze|arm64.Build.0 = ReleaseWinUICs|Any CPU
		{D617CF2A-6CED-4A31-B87C-3A890D0DDE93}.Analyze|x86.ActiveCfg = ReleaseWPF|Any CPU
		{D617CF2A-6CED-4A31-B87C-3A890D0DDE93}.Analyze|x86.Build.0 = ReleaseWPF|Any CPU
		{D617CF2A-6CED-4A31-B87C-3A890D0DDE93}.Debug|Any CPU.ActiveCfg = Debug|Any CPU
		{D617CF2A-6CED-4A31-B87C-3A890D0DDE93}.Debug|Any CPU.Build.0 = Debug|Any CPU
		{D617CF2A-6CED-4A31-B87C-3A890D0DDE93}.Debug|arm64.ActiveCfg = Debug|Any CPU
		{D617CF2A-6CED-4A31-B87C-3A890D0DDE93}.Debug|arm64.Build.0 = Debug|Any CPU
		{D617CF2A-6CED-4A31-B87C-3A890D0DDE93}.Debug|x86.ActiveCfg = Debug|Any CPU
		{D617CF2A-6CED-4A31-B87C-3A890D0DDE93}.Debug|x86.Build.0 = Debug|Any CPU
		{D617CF2A-6CED-4A31-B87C-3A890D0DDE93}.DebugALL|Any CPU.ActiveCfg = DebugWinUICs|Any CPU
		{D617CF2A-6CED-4A31-B87C-3A890D0DDE93}.DebugALL|Any CPU.Build.0 = DebugWinUICs|Any CPU
		{D617CF2A-6CED-4A31-B87C-3A890D0DDE93}.DebugALL|arm64.ActiveCfg = DebugWinUICpp|Any CPU
		{D617CF2A-6CED-4A31-B87C-3A890D0DDE93}.DebugALL|arm64.Build.0 = DebugWinUICpp|Any CPU
		{D617CF2A-6CED-4A31-B87C-3A890D0DDE93}.DebugALL|x86.ActiveCfg = DebugWPF|Any CPU
		{D617CF2A-6CED-4A31-B87C-3A890D0DDE93}.DebugALL|x86.Build.0 = DebugWPF|Any CPU
		{D617CF2A-6CED-4A31-B87C-3A890D0DDE93}.DebugUWP|Any CPU.ActiveCfg = DebugUWP|Any CPU
		{D617CF2A-6CED-4A31-B87C-3A890D0DDE93}.DebugUWP|Any CPU.Build.0 = DebugUWP|Any CPU
		{D617CF2A-6CED-4A31-B87C-3A890D0DDE93}.DebugUWP|arm64.ActiveCfg = DebugUWP|Any CPU
		{D617CF2A-6CED-4A31-B87C-3A890D0DDE93}.DebugUWP|arm64.Build.0 = DebugUWP|Any CPU
		{D617CF2A-6CED-4A31-B87C-3A890D0DDE93}.DebugUWP|x86.ActiveCfg = DebugUWP|Any CPU
		{D617CF2A-6CED-4A31-B87C-3A890D0DDE93}.DebugUWP|x86.Build.0 = DebugUWP|Any CPU
		{D617CF2A-6CED-4A31-B87C-3A890D0DDE93}.DebugWinUICpp|Any CPU.ActiveCfg = DebugWinUICpp|Any CPU
		{D617CF2A-6CED-4A31-B87C-3A890D0DDE93}.DebugWinUICpp|Any CPU.Build.0 = DebugWinUICpp|Any CPU
		{D617CF2A-6CED-4A31-B87C-3A890D0DDE93}.DebugWinUICpp|arm64.ActiveCfg = DebugWinUICpp|Any CPU
		{D617CF2A-6CED-4A31-B87C-3A890D0DDE93}.DebugWinUICpp|arm64.Build.0 = DebugWinUICpp|Any CPU
		{D617CF2A-6CED-4A31-B87C-3A890D0DDE93}.DebugWinUICpp|x86.ActiveCfg = DebugWinUICpp|Any CPU
		{D617CF2A-6CED-4A31-B87C-3A890D0DDE93}.DebugWinUICpp|x86.Build.0 = DebugWinUICpp|Any CPU
		{D617CF2A-6CED-4A31-B87C-3A890D0DDE93}.DebugWinUICs|Any CPU.ActiveCfg = DebugWinUICs|Any CPU
		{D617CF2A-6CED-4A31-B87C-3A890D0DDE93}.DebugWinUICs|Any CPU.Build.0 = DebugWinUICs|Any CPU
		{D617CF2A-6CED-4A31-B87C-3A890D0DDE93}.DebugWinUICs|arm64.ActiveCfg = DebugWinUICs|Any CPU
		{D617CF2A-6CED-4A31-B87C-3A890D0DDE93}.DebugWinUICs|arm64.Build.0 = DebugWinUICs|Any CPU
		{D617CF2A-6CED-4A31-B87C-3A890D0DDE93}.DebugWinUICs|x86.ActiveCfg = DebugWinUICs|Any CPU
		{D617CF2A-6CED-4A31-B87C-3A890D0DDE93}.DebugWinUICs|x86.Build.0 = DebugWinUICs|Any CPU
		{D617CF2A-6CED-4A31-B87C-3A890D0DDE93}.DebugWPF|Any CPU.ActiveCfg = DebugWPF|Any CPU
		{D617CF2A-6CED-4A31-B87C-3A890D0DDE93}.DebugWPF|Any CPU.Build.0 = DebugWPF|Any CPU
		{D617CF2A-6CED-4A31-B87C-3A890D0DDE93}.DebugWPF|arm64.ActiveCfg = DebugWPF|Any CPU
		{D617CF2A-6CED-4A31-B87C-3A890D0DDE93}.DebugWPF|arm64.Build.0 = DebugWPF|Any CPU
		{D617CF2A-6CED-4A31-B87C-3A890D0DDE93}.DebugWPF|x86.ActiveCfg = DebugWPF|Any CPU
		{D617CF2A-6CED-4A31-B87C-3A890D0DDE93}.DebugWPF|x86.Build.0 = DebugWPF|Any CPU
		{D617CF2A-6CED-4A31-B87C-3A890D0DDE93}.Release|Any CPU.ActiveCfg = Release|Any CPU
		{D617CF2A-6CED-4A31-B87C-3A890D0DDE93}.Release|Any CPU.Build.0 = Release|Any CPU
		{D617CF2A-6CED-4A31-B87C-3A890D0DDE93}.Release|arm64.ActiveCfg = Release|Any CPU
		{D617CF2A-6CED-4A31-B87C-3A890D0DDE93}.Release|arm64.Build.0 = Release|Any CPU
		{D617CF2A-6CED-4A31-B87C-3A890D0DDE93}.Release|x86.ActiveCfg = Release|Any CPU
		{D617CF2A-6CED-4A31-B87C-3A890D0DDE93}.Release|x86.Build.0 = Release|Any CPU
		{D617CF2A-6CED-4A31-B87C-3A890D0DDE93}.ReleaseUWP|Any CPU.ActiveCfg = ReleaseUWP|Any CPU
		{D617CF2A-6CED-4A31-B87C-3A890D0DDE93}.ReleaseUWP|Any CPU.Build.0 = ReleaseUWP|Any CPU
		{D617CF2A-6CED-4A31-B87C-3A890D0DDE93}.ReleaseUWP|arm64.ActiveCfg = ReleaseUWP|Any CPU
		{D617CF2A-6CED-4A31-B87C-3A890D0DDE93}.ReleaseUWP|arm64.Build.0 = ReleaseUWP|Any CPU
		{D617CF2A-6CED-4A31-B87C-3A890D0DDE93}.ReleaseUWP|x86.ActiveCfg = ReleaseUWP|Any CPU
		{D617CF2A-6CED-4A31-B87C-3A890D0DDE93}.ReleaseUWP|x86.Build.0 = ReleaseUWP|Any CPU
		{D617CF2A-6CED-4A31-B87C-3A890D0DDE93}.ReleaseWinUICpp|Any CPU.ActiveCfg = ReleaseWinUICpp|Any CPU
		{D617CF2A-6CED-4A31-B87C-3A890D0DDE93}.ReleaseWinUICpp|Any CPU.Build.0 = ReleaseWinUICpp|Any CPU
		{D617CF2A-6CED-4A31-B87C-3A890D0DDE93}.ReleaseWinUICpp|arm64.ActiveCfg = ReleaseWinUICpp|Any CPU
		{D617CF2A-6CED-4A31-B87C-3A890D0DDE93}.ReleaseWinUICpp|arm64.Build.0 = ReleaseWinUICpp|Any CPU
		{D617CF2A-6CED-4A31-B87C-3A890D0DDE93}.ReleaseWinUICpp|x86.ActiveCfg = ReleaseWinUICpp|Any CPU
		{D617CF2A-6CED-4A31-B87C-3A890D0DDE93}.ReleaseWinUICpp|x86.Build.0 = ReleaseWinUICpp|Any CPU
		{D617CF2A-6CED-4A31-B87C-3A890D0DDE93}.ReleaseWinUICs|Any CPU.ActiveCfg = ReleaseWinUICs|Any CPU
		{D617CF2A-6CED-4A31-B87C-3A890D0DDE93}.ReleaseWinUICs|Any CPU.Build.0 = ReleaseWinUICs|Any CPU
		{D617CF2A-6CED-4A31-B87C-3A890D0DDE93}.ReleaseWinUICs|arm64.ActiveCfg = ReleaseWinUICs|Any CPU
		{D617CF2A-6CED-4A31-B87C-3A890D0DDE93}.ReleaseWinUICs|arm64.Build.0 = ReleaseWinUICs|Any CPU
		{D617CF2A-6CED-4A31-B87C-3A890D0DDE93}.ReleaseWinUICs|x86.ActiveCfg = ReleaseWinUICs|Any CPU
		{D617CF2A-6CED-4A31-B87C-3A890D0DDE93}.ReleaseWinUICs|x86.Build.0 = ReleaseWinUICs|Any CPU
		{D617CF2A-6CED-4A31-B87C-3A890D0DDE93}.ReleaseWPF|Any CPU.ActiveCfg = ReleaseWPF|Any CPU
		{D617CF2A-6CED-4A31-B87C-3A890D0DDE93}.ReleaseWPF|Any CPU.Build.0 = ReleaseWPF|Any CPU
		{D617CF2A-6CED-4A31-B87C-3A890D0DDE93}.ReleaseWPF|arm64.ActiveCfg = ReleaseWPF|Any CPU
		{D617CF2A-6CED-4A31-B87C-3A890D0DDE93}.ReleaseWPF|arm64.Build.0 = ReleaseWPF|Any CPU
		{D617CF2A-6CED-4A31-B87C-3A890D0DDE93}.ReleaseWPF|x86.ActiveCfg = ReleaseWPF|Any CPU
		{D617CF2A-6CED-4A31-B87C-3A890D0DDE93}.ReleaseWPF|x86.Build.0 = ReleaseWPF|Any CPU
		{D53BB989-5FA3-4F0C-B67A-69D61F488723}.Analyze|Any CPU.ActiveCfg = Debug|Any CPU
		{D53BB989-5FA3-4F0C-B67A-69D61F488723}.Analyze|Any CPU.Build.0 = Debug|Any CPU
		{D53BB989-5FA3-4F0C-B67A-69D61F488723}.Analyze|arm64.ActiveCfg = ReleaseWPF|Any CPU
		{D53BB989-5FA3-4F0C-B67A-69D61F488723}.Analyze|arm64.Build.0 = ReleaseWPF|Any CPU
		{D53BB989-5FA3-4F0C-B67A-69D61F488723}.Analyze|x86.ActiveCfg = DebugWPF|x86
		{D53BB989-5FA3-4F0C-B67A-69D61F488723}.Analyze|x86.Build.0 = DebugWPF|x86
		{D53BB989-5FA3-4F0C-B67A-69D61F488723}.Debug|Any CPU.ActiveCfg = Debug|Any CPU
		{D53BB989-5FA3-4F0C-B67A-69D61F488723}.Debug|Any CPU.Build.0 = Debug|Any CPU
		{D53BB989-5FA3-4F0C-B67A-69D61F488723}.Debug|arm64.ActiveCfg = Debug|Any CPU
		{D53BB989-5FA3-4F0C-B67A-69D61F488723}.Debug|arm64.Build.0 = Debug|Any CPU
		{D53BB989-5FA3-4F0C-B67A-69D61F488723}.Debug|x86.ActiveCfg = Debug|x86
		{D53BB989-5FA3-4F0C-B67A-69D61F488723}.Debug|x86.Build.0 = Debug|x86
		{D53BB989-5FA3-4F0C-B67A-69D61F488723}.DebugALL|Any CPU.ActiveCfg = DebugWPF|Any CPU
		{D53BB989-5FA3-4F0C-B67A-69D61F488723}.DebugALL|Any CPU.Build.0 = DebugWPF|Any CPU
		{D53BB989-5FA3-4F0C-B67A-69D61F488723}.DebugALL|arm64.ActiveCfg = DebugWPF|Any CPU
		{D53BB989-5FA3-4F0C-B67A-69D61F488723}.DebugALL|arm64.Build.0 = DebugWPF|Any CPU
		{D53BB989-5FA3-4F0C-B67A-69D61F488723}.DebugALL|x86.ActiveCfg = DebugWPF|x86
		{D53BB989-5FA3-4F0C-B67A-69D61F488723}.DebugALL|x86.Build.0 = DebugWPF|x86
		{D53BB989-5FA3-4F0C-B67A-69D61F488723}.DebugUWP|Any CPU.ActiveCfg = Debug|Any CPU
		{D53BB989-5FA3-4F0C-B67A-69D61F488723}.DebugUWP|arm64.ActiveCfg = DebugWPF|Any CPU
		{D53BB989-5FA3-4F0C-B67A-69D61F488723}.DebugUWP|arm64.Build.0 = DebugWPF|Any CPU
		{D53BB989-5FA3-4F0C-B67A-69D61F488723}.DebugUWP|x86.ActiveCfg = DebugWPF|x86
		{D53BB989-5FA3-4F0C-B67A-69D61F488723}.DebugUWP|x86.Build.0 = DebugWPF|x86
		{D53BB989-5FA3-4F0C-B67A-69D61F488723}.DebugWinUICpp|Any CPU.ActiveCfg = Debug|Any CPU
		{D53BB989-5FA3-4F0C-B67A-69D61F488723}.DebugWinUICpp|arm64.ActiveCfg = DebugWPF|Any CPU
		{D53BB989-5FA3-4F0C-B67A-69D61F488723}.DebugWinUICpp|arm64.Build.0 = DebugWPF|Any CPU
		{D53BB989-5FA3-4F0C-B67A-69D61F488723}.DebugWinUICpp|x86.ActiveCfg = DebugWPF|x86
		{D53BB989-5FA3-4F0C-B67A-69D61F488723}.DebugWinUICpp|x86.Build.0 = DebugWPF|x86
		{D53BB989-5FA3-4F0C-B67A-69D61F488723}.DebugWinUICs|Any CPU.ActiveCfg = Debug|Any CPU
		{D53BB989-5FA3-4F0C-B67A-69D61F488723}.DebugWinUICs|arm64.ActiveCfg = DebugWPF|Any CPU
		{D53BB989-5FA3-4F0C-B67A-69D61F488723}.DebugWinUICs|arm64.Build.0 = DebugWPF|Any CPU
		{D53BB989-5FA3-4F0C-B67A-69D61F488723}.DebugWinUICs|x86.ActiveCfg = DebugWPF|x86
		{D53BB989-5FA3-4F0C-B67A-69D61F488723}.DebugWinUICs|x86.Build.0 = DebugWPF|x86
		{D53BB989-5FA3-4F0C-B67A-69D61F488723}.DebugWPF|Any CPU.ActiveCfg = DebugWPF|Any CPU
		{D53BB989-5FA3-4F0C-B67A-69D61F488723}.DebugWPF|Any CPU.Build.0 = DebugWPF|Any CPU
		{D53BB989-5FA3-4F0C-B67A-69D61F488723}.DebugWPF|arm64.ActiveCfg = DebugWPF|Any CPU
		{D53BB989-5FA3-4F0C-B67A-69D61F488723}.DebugWPF|arm64.Build.0 = DebugWPF|Any CPU
		{D53BB989-5FA3-4F0C-B67A-69D61F488723}.DebugWPF|x86.ActiveCfg = DebugWPF|x86
		{D53BB989-5FA3-4F0C-B67A-69D61F488723}.DebugWPF|x86.Build.0 = DebugWPF|x86
		{D53BB989-5FA3-4F0C-B67A-69D61F488723}.Release|Any CPU.ActiveCfg = Release|Any CPU
		{D53BB989-5FA3-4F0C-B67A-69D61F488723}.Release|Any CPU.Build.0 = Release|Any CPU
		{D53BB989-5FA3-4F0C-B67A-69D61F488723}.Release|arm64.ActiveCfg = Release|Any CPU
		{D53BB989-5FA3-4F0C-B67A-69D61F488723}.Release|arm64.Build.0 = Release|Any CPU
		{D53BB989-5FA3-4F0C-B67A-69D61F488723}.Release|x86.ActiveCfg = Release|x86
		{D53BB989-5FA3-4F0C-B67A-69D61F488723}.Release|x86.Build.0 = Release|x86
		{D53BB989-5FA3-4F0C-B67A-69D61F488723}.ReleaseUWP|Any CPU.ActiveCfg = Release|Any CPU
		{D53BB989-5FA3-4F0C-B67A-69D61F488723}.ReleaseUWP|arm64.ActiveCfg = ReleaseWPF|Any CPU
		{D53BB989-5FA3-4F0C-B67A-69D61F488723}.ReleaseUWP|arm64.Build.0 = ReleaseWPF|Any CPU
		{D53BB989-5FA3-4F0C-B67A-69D61F488723}.ReleaseUWP|x86.ActiveCfg = ReleaseWPF|x86
		{D53BB989-5FA3-4F0C-B67A-69D61F488723}.ReleaseUWP|x86.Build.0 = ReleaseWPF|x86
		{D53BB989-5FA3-4F0C-B67A-69D61F488723}.ReleaseWinUICpp|Any CPU.ActiveCfg = Release|Any CPU
		{D53BB989-5FA3-4F0C-B67A-69D61F488723}.ReleaseWinUICpp|arm64.ActiveCfg = ReleaseWPF|Any CPU
		{D53BB989-5FA3-4F0C-B67A-69D61F488723}.ReleaseWinUICpp|arm64.Build.0 = ReleaseWPF|Any CPU
		{D53BB989-5FA3-4F0C-B67A-69D61F488723}.ReleaseWinUICpp|x86.ActiveCfg = ReleaseWPF|x86
		{D53BB989-5FA3-4F0C-B67A-69D61F488723}.ReleaseWinUICpp|x86.Build.0 = ReleaseWPF|x86
		{D53BB989-5FA3-4F0C-B67A-69D61F488723}.ReleaseWinUICs|Any CPU.ActiveCfg = Release|Any CPU
		{D53BB989-5FA3-4F0C-B67A-69D61F488723}.ReleaseWinUICs|arm64.ActiveCfg = ReleaseWPF|Any CPU
		{D53BB989-5FA3-4F0C-B67A-69D61F488723}.ReleaseWinUICs|arm64.Build.0 = ReleaseWPF|Any CPU
		{D53BB989-5FA3-4F0C-B67A-69D61F488723}.ReleaseWinUICs|x86.ActiveCfg = ReleaseWPF|x86
		{D53BB989-5FA3-4F0C-B67A-69D61F488723}.ReleaseWinUICs|x86.Build.0 = ReleaseWPF|x86
		{D53BB989-5FA3-4F0C-B67A-69D61F488723}.ReleaseWPF|Any CPU.ActiveCfg = ReleaseWPF|Any CPU
		{D53BB989-5FA3-4F0C-B67A-69D61F488723}.ReleaseWPF|Any CPU.Build.0 = ReleaseWPF|Any CPU
		{D53BB989-5FA3-4F0C-B67A-69D61F488723}.ReleaseWPF|arm64.ActiveCfg = ReleaseWPF|Any CPU
		{D53BB989-5FA3-4F0C-B67A-69D61F488723}.ReleaseWPF|arm64.Build.0 = ReleaseWPF|Any CPU
		{D53BB989-5FA3-4F0C-B67A-69D61F488723}.ReleaseWPF|x86.ActiveCfg = ReleaseWPF|x86
		{D53BB989-5FA3-4F0C-B67A-69D61F488723}.ReleaseWPF|x86.Build.0 = ReleaseWPF|x86
		{3CEF00D1-B49D-4339-A54C-769E7D2B71BB}.Analyze|Any CPU.ActiveCfg = Debug|Any CPU
		{3CEF00D1-B49D-4339-A54C-769E7D2B71BB}.Analyze|Any CPU.Build.0 = Debug|Any CPU
		{3CEF00D1-B49D-4339-A54C-769E7D2B71BB}.Analyze|arm64.ActiveCfg = Release|Any CPU
		{3CEF00D1-B49D-4339-A54C-769E7D2B71BB}.Analyze|arm64.Build.0 = Release|Any CPU
		{3CEF00D1-B49D-4339-A54C-769E7D2B71BB}.Analyze|x86.ActiveCfg = Release|Any CPU
		{3CEF00D1-B49D-4339-A54C-769E7D2B71BB}.Analyze|x86.Build.0 = Release|Any CPU
		{3CEF00D1-B49D-4339-A54C-769E7D2B71BB}.Debug|Any CPU.ActiveCfg = Debug|Any CPU
		{3CEF00D1-B49D-4339-A54C-769E7D2B71BB}.Debug|Any CPU.Build.0 = Debug|Any CPU
		{3CEF00D1-B49D-4339-A54C-769E7D2B71BB}.Debug|arm64.ActiveCfg = Debug|Any CPU
		{3CEF00D1-B49D-4339-A54C-769E7D2B71BB}.Debug|arm64.Build.0 = Debug|Any CPU
		{3CEF00D1-B49D-4339-A54C-769E7D2B71BB}.Debug|x86.ActiveCfg = Debug|Any CPU
		{3CEF00D1-B49D-4339-A54C-769E7D2B71BB}.Debug|x86.Build.0 = Debug|Any CPU
		{3CEF00D1-B49D-4339-A54C-769E7D2B71BB}.DebugALL|Any CPU.ActiveCfg = Debug|Any CPU
		{3CEF00D1-B49D-4339-A54C-769E7D2B71BB}.DebugALL|Any CPU.Build.0 = Debug|Any CPU
		{3CEF00D1-B49D-4339-A54C-769E7D2B71BB}.DebugALL|arm64.ActiveCfg = Debug|Any CPU
		{3CEF00D1-B49D-4339-A54C-769E7D2B71BB}.DebugALL|arm64.Build.0 = Debug|Any CPU
		{3CEF00D1-B49D-4339-A54C-769E7D2B71BB}.DebugALL|x86.ActiveCfg = Debug|Any CPU
		{3CEF00D1-B49D-4339-A54C-769E7D2B71BB}.DebugALL|x86.Build.0 = Debug|Any CPU
		{3CEF00D1-B49D-4339-A54C-769E7D2B71BB}.DebugUWP|Any CPU.ActiveCfg = Debug|Any CPU
		{3CEF00D1-B49D-4339-A54C-769E7D2B71BB}.DebugUWP|Any CPU.Build.0 = Debug|Any CPU
		{3CEF00D1-B49D-4339-A54C-769E7D2B71BB}.DebugUWP|arm64.ActiveCfg = Debug|Any CPU
		{3CEF00D1-B49D-4339-A54C-769E7D2B71BB}.DebugUWP|arm64.Build.0 = Debug|Any CPU
		{3CEF00D1-B49D-4339-A54C-769E7D2B71BB}.DebugUWP|x86.ActiveCfg = Debug|Any CPU
		{3CEF00D1-B49D-4339-A54C-769E7D2B71BB}.DebugUWP|x86.Build.0 = Debug|Any CPU
		{3CEF00D1-B49D-4339-A54C-769E7D2B71BB}.DebugWinUICpp|Any CPU.ActiveCfg = Debug|Any CPU
		{3CEF00D1-B49D-4339-A54C-769E7D2B71BB}.DebugWinUICpp|Any CPU.Build.0 = Debug|Any CPU
		{3CEF00D1-B49D-4339-A54C-769E7D2B71BB}.DebugWinUICpp|arm64.ActiveCfg = Debug|Any CPU
		{3CEF00D1-B49D-4339-A54C-769E7D2B71BB}.DebugWinUICpp|arm64.Build.0 = Debug|Any CPU
		{3CEF00D1-B49D-4339-A54C-769E7D2B71BB}.DebugWinUICpp|x86.ActiveCfg = Debug|Any CPU
		{3CEF00D1-B49D-4339-A54C-769E7D2B71BB}.DebugWinUICpp|x86.Build.0 = Debug|Any CPU
		{3CEF00D1-B49D-4339-A54C-769E7D2B71BB}.DebugWinUICs|Any CPU.ActiveCfg = Debug|Any CPU
		{3CEF00D1-B49D-4339-A54C-769E7D2B71BB}.DebugWinUICs|Any CPU.Build.0 = Debug|Any CPU
		{3CEF00D1-B49D-4339-A54C-769E7D2B71BB}.DebugWinUICs|arm64.ActiveCfg = Debug|Any CPU
		{3CEF00D1-B49D-4339-A54C-769E7D2B71BB}.DebugWinUICs|arm64.Build.0 = Debug|Any CPU
		{3CEF00D1-B49D-4339-A54C-769E7D2B71BB}.DebugWinUICs|x86.ActiveCfg = Debug|Any CPU
		{3CEF00D1-B49D-4339-A54C-769E7D2B71BB}.DebugWinUICs|x86.Build.0 = Debug|Any CPU
		{3CEF00D1-B49D-4339-A54C-769E7D2B71BB}.DebugWPF|Any CPU.ActiveCfg = Debug|Any CPU
		{3CEF00D1-B49D-4339-A54C-769E7D2B71BB}.DebugWPF|Any CPU.Build.0 = Debug|Any CPU
		{3CEF00D1-B49D-4339-A54C-769E7D2B71BB}.DebugWPF|arm64.ActiveCfg = Debug|Any CPU
		{3CEF00D1-B49D-4339-A54C-769E7D2B71BB}.DebugWPF|arm64.Build.0 = Debug|Any CPU
		{3CEF00D1-B49D-4339-A54C-769E7D2B71BB}.DebugWPF|x86.ActiveCfg = Debug|Any CPU
		{3CEF00D1-B49D-4339-A54C-769E7D2B71BB}.DebugWPF|x86.Build.0 = Debug|Any CPU
		{3CEF00D1-B49D-4339-A54C-769E7D2B71BB}.Release|Any CPU.ActiveCfg = Release|Any CPU
		{3CEF00D1-B49D-4339-A54C-769E7D2B71BB}.Release|Any CPU.Build.0 = Release|Any CPU
		{3CEF00D1-B49D-4339-A54C-769E7D2B71BB}.Release|arm64.ActiveCfg = Release|Any CPU
		{3CEF00D1-B49D-4339-A54C-769E7D2B71BB}.Release|arm64.Build.0 = Release|Any CPU
		{3CEF00D1-B49D-4339-A54C-769E7D2B71BB}.Release|x86.ActiveCfg = Release|Any CPU
		{3CEF00D1-B49D-4339-A54C-769E7D2B71BB}.Release|x86.Build.0 = Release|Any CPU
		{3CEF00D1-B49D-4339-A54C-769E7D2B71BB}.ReleaseUWP|Any CPU.ActiveCfg = Release|Any CPU
		{3CEF00D1-B49D-4339-A54C-769E7D2B71BB}.ReleaseUWP|Any CPU.Build.0 = Release|Any CPU
		{3CEF00D1-B49D-4339-A54C-769E7D2B71BB}.ReleaseUWP|arm64.ActiveCfg = Release|Any CPU
		{3CEF00D1-B49D-4339-A54C-769E7D2B71BB}.ReleaseUWP|arm64.Build.0 = Release|Any CPU
		{3CEF00D1-B49D-4339-A54C-769E7D2B71BB}.ReleaseUWP|x86.ActiveCfg = Release|Any CPU
		{3CEF00D1-B49D-4339-A54C-769E7D2B71BB}.ReleaseUWP|x86.Build.0 = Release|Any CPU
		{3CEF00D1-B49D-4339-A54C-769E7D2B71BB}.ReleaseWinUICpp|Any CPU.ActiveCfg = Release|Any CPU
		{3CEF00D1-B49D-4339-A54C-769E7D2B71BB}.ReleaseWinUICpp|Any CPU.Build.0 = Release|Any CPU
		{3CEF00D1-B49D-4339-A54C-769E7D2B71BB}.ReleaseWinUICpp|arm64.ActiveCfg = Release|Any CPU
		{3CEF00D1-B49D-4339-A54C-769E7D2B71BB}.ReleaseWinUICpp|arm64.Build.0 = Release|Any CPU
		{3CEF00D1-B49D-4339-A54C-769E7D2B71BB}.ReleaseWinUICpp|x86.ActiveCfg = Release|Any CPU
		{3CEF00D1-B49D-4339-A54C-769E7D2B71BB}.ReleaseWinUICpp|x86.Build.0 = Release|Any CPU
		{3CEF00D1-B49D-4339-A54C-769E7D2B71BB}.ReleaseWinUICs|Any CPU.ActiveCfg = Release|Any CPU
		{3CEF00D1-B49D-4339-A54C-769E7D2B71BB}.ReleaseWinUICs|Any CPU.Build.0 = Release|Any CPU
		{3CEF00D1-B49D-4339-A54C-769E7D2B71BB}.ReleaseWinUICs|arm64.ActiveCfg = Release|Any CPU
		{3CEF00D1-B49D-4339-A54C-769E7D2B71BB}.ReleaseWinUICs|arm64.Build.0 = Release|Any CPU
		{3CEF00D1-B49D-4339-A54C-769E7D2B71BB}.ReleaseWinUICs|x86.ActiveCfg = Release|Any CPU
		{3CEF00D1-B49D-4339-A54C-769E7D2B71BB}.ReleaseWinUICs|x86.Build.0 = Release|Any CPU
		{3CEF00D1-B49D-4339-A54C-769E7D2B71BB}.ReleaseWPF|Any CPU.ActiveCfg = Release|Any CPU
		{3CEF00D1-B49D-4339-A54C-769E7D2B71BB}.ReleaseWPF|Any CPU.Build.0 = Release|Any CPU
		{3CEF00D1-B49D-4339-A54C-769E7D2B71BB}.ReleaseWPF|arm64.ActiveCfg = Release|Any CPU
		{3CEF00D1-B49D-4339-A54C-769E7D2B71BB}.ReleaseWPF|arm64.Build.0 = Release|Any CPU
		{3CEF00D1-B49D-4339-A54C-769E7D2B71BB}.ReleaseWPF|x86.ActiveCfg = Release|Any CPU
		{3CEF00D1-B49D-4339-A54C-769E7D2B71BB}.ReleaseWPF|x86.Build.0 = Release|Any CPU
		{61775323-739F-4765-82B8-FD43ED901A0B}.Analyze|Any CPU.ActiveCfg = Debug|Any CPU
		{61775323-739F-4765-82B8-FD43ED901A0B}.Analyze|Any CPU.Build.0 = Debug|Any CPU
		{61775323-739F-4765-82B8-FD43ED901A0B}.Analyze|arm64.ActiveCfg = Release|Any CPU
		{61775323-739F-4765-82B8-FD43ED901A0B}.Analyze|arm64.Build.0 = Release|Any CPU
		{61775323-739F-4765-82B8-FD43ED901A0B}.Analyze|x86.ActiveCfg = Release|Any CPU
		{61775323-739F-4765-82B8-FD43ED901A0B}.Analyze|x86.Build.0 = Release|Any CPU
		{61775323-739F-4765-82B8-FD43ED901A0B}.Debug|Any CPU.ActiveCfg = Debug|Any CPU
		{61775323-739F-4765-82B8-FD43ED901A0B}.Debug|Any CPU.Build.0 = Debug|Any CPU
		{61775323-739F-4765-82B8-FD43ED901A0B}.Debug|arm64.ActiveCfg = Debug|Any CPU
		{61775323-739F-4765-82B8-FD43ED901A0B}.Debug|arm64.Build.0 = Debug|Any CPU
		{61775323-739F-4765-82B8-FD43ED901A0B}.Debug|x86.ActiveCfg = Debug|Any CPU
		{61775323-739F-4765-82B8-FD43ED901A0B}.Debug|x86.Build.0 = Debug|Any CPU
		{61775323-739F-4765-82B8-FD43ED901A0B}.DebugALL|Any CPU.ActiveCfg = Debug|Any CPU
		{61775323-739F-4765-82B8-FD43ED901A0B}.DebugALL|Any CPU.Build.0 = Debug|Any CPU
		{61775323-739F-4765-82B8-FD43ED901A0B}.DebugALL|arm64.ActiveCfg = Debug|Any CPU
		{61775323-739F-4765-82B8-FD43ED901A0B}.DebugALL|arm64.Build.0 = Debug|Any CPU
		{61775323-739F-4765-82B8-FD43ED901A0B}.DebugALL|x86.ActiveCfg = Debug|Any CPU
		{61775323-739F-4765-82B8-FD43ED901A0B}.DebugALL|x86.Build.0 = Debug|Any CPU
		{61775323-739F-4765-82B8-FD43ED901A0B}.DebugUWP|Any CPU.ActiveCfg = Debug|Any CPU
		{61775323-739F-4765-82B8-FD43ED901A0B}.DebugUWP|Any CPU.Build.0 = Debug|Any CPU
		{61775323-739F-4765-82B8-FD43ED901A0B}.DebugUWP|arm64.ActiveCfg = Debug|Any CPU
		{61775323-739F-4765-82B8-FD43ED901A0B}.DebugUWP|arm64.Build.0 = Debug|Any CPU
		{61775323-739F-4765-82B8-FD43ED901A0B}.DebugUWP|x86.ActiveCfg = Debug|Any CPU
		{61775323-739F-4765-82B8-FD43ED901A0B}.DebugUWP|x86.Build.0 = Debug|Any CPU
		{61775323-739F-4765-82B8-FD43ED901A0B}.DebugWinUICpp|Any CPU.ActiveCfg = Debug|Any CPU
		{61775323-739F-4765-82B8-FD43ED901A0B}.DebugWinUICpp|Any CPU.Build.0 = Debug|Any CPU
		{61775323-739F-4765-82B8-FD43ED901A0B}.DebugWinUICpp|arm64.ActiveCfg = Debug|Any CPU
		{61775323-739F-4765-82B8-FD43ED901A0B}.DebugWinUICpp|arm64.Build.0 = Debug|Any CPU
		{61775323-739F-4765-82B8-FD43ED901A0B}.DebugWinUICpp|x86.ActiveCfg = Debug|Any CPU
		{61775323-739F-4765-82B8-FD43ED901A0B}.DebugWinUICpp|x86.Build.0 = Debug|Any CPU
		{61775323-739F-4765-82B8-FD43ED901A0B}.DebugWinUICs|Any CPU.ActiveCfg = Debug|Any CPU
		{61775323-739F-4765-82B8-FD43ED901A0B}.DebugWinUICs|Any CPU.Build.0 = Debug|Any CPU
		{61775323-739F-4765-82B8-FD43ED901A0B}.DebugWinUICs|arm64.ActiveCfg = Debug|Any CPU
		{61775323-739F-4765-82B8-FD43ED901A0B}.DebugWinUICs|arm64.Build.0 = Debug|Any CPU
		{61775323-739F-4765-82B8-FD43ED901A0B}.DebugWinUICs|x86.ActiveCfg = Debug|Any CPU
		{61775323-739F-4765-82B8-FD43ED901A0B}.DebugWinUICs|x86.Build.0 = Debug|Any CPU
		{61775323-739F-4765-82B8-FD43ED901A0B}.DebugWPF|Any CPU.ActiveCfg = Debug|Any CPU
		{61775323-739F-4765-82B8-FD43ED901A0B}.DebugWPF|Any CPU.Build.0 = Debug|Any CPU
		{61775323-739F-4765-82B8-FD43ED901A0B}.DebugWPF|arm64.ActiveCfg = Debug|Any CPU
		{61775323-739F-4765-82B8-FD43ED901A0B}.DebugWPF|arm64.Build.0 = Debug|Any CPU
		{61775323-739F-4765-82B8-FD43ED901A0B}.DebugWPF|x86.ActiveCfg = Debug|Any CPU
		{61775323-739F-4765-82B8-FD43ED901A0B}.DebugWPF|x86.Build.0 = Debug|Any CPU
		{61775323-739F-4765-82B8-FD43ED901A0B}.Release|Any CPU.ActiveCfg = Release|Any CPU
		{61775323-739F-4765-82B8-FD43ED901A0B}.Release|Any CPU.Build.0 = Release|Any CPU
		{61775323-739F-4765-82B8-FD43ED901A0B}.Release|arm64.ActiveCfg = Release|Any CPU
		{61775323-739F-4765-82B8-FD43ED901A0B}.Release|arm64.Build.0 = Release|Any CPU
		{61775323-739F-4765-82B8-FD43ED901A0B}.Release|x86.ActiveCfg = Release|Any CPU
		{61775323-739F-4765-82B8-FD43ED901A0B}.Release|x86.Build.0 = Release|Any CPU
		{61775323-739F-4765-82B8-FD43ED901A0B}.ReleaseUWP|Any CPU.ActiveCfg = Release|Any CPU
		{61775323-739F-4765-82B8-FD43ED901A0B}.ReleaseUWP|Any CPU.Build.0 = Release|Any CPU
		{61775323-739F-4765-82B8-FD43ED901A0B}.ReleaseUWP|arm64.ActiveCfg = Release|Any CPU
		{61775323-739F-4765-82B8-FD43ED901A0B}.ReleaseUWP|arm64.Build.0 = Release|Any CPU
		{61775323-739F-4765-82B8-FD43ED901A0B}.ReleaseUWP|x86.ActiveCfg = Release|Any CPU
		{61775323-739F-4765-82B8-FD43ED901A0B}.ReleaseUWP|x86.Build.0 = Release|Any CPU
		{61775323-739F-4765-82B8-FD43ED901A0B}.ReleaseWinUICpp|Any CPU.ActiveCfg = Release|Any CPU
		{61775323-739F-4765-82B8-FD43ED901A0B}.ReleaseWinUICpp|Any CPU.Build.0 = Release|Any CPU
		{61775323-739F-4765-82B8-FD43ED901A0B}.ReleaseWinUICpp|arm64.ActiveCfg = Release|Any CPU
		{61775323-739F-4765-82B8-FD43ED901A0B}.ReleaseWinUICpp|arm64.Build.0 = Release|Any CPU
		{61775323-739F-4765-82B8-FD43ED901A0B}.ReleaseWinUICpp|x86.ActiveCfg = Release|Any CPU
		{61775323-739F-4765-82B8-FD43ED901A0B}.ReleaseWinUICpp|x86.Build.0 = Release|Any CPU
		{61775323-739F-4765-82B8-FD43ED901A0B}.ReleaseWinUICs|Any CPU.ActiveCfg = Release|Any CPU
		{61775323-739F-4765-82B8-FD43ED901A0B}.ReleaseWinUICs|Any CPU.Build.0 = Release|Any CPU
		{61775323-739F-4765-82B8-FD43ED901A0B}.ReleaseWinUICs|arm64.ActiveCfg = Release|Any CPU
		{61775323-739F-4765-82B8-FD43ED901A0B}.ReleaseWinUICs|arm64.Build.0 = Release|Any CPU
		{61775323-739F-4765-82B8-FD43ED901A0B}.ReleaseWinUICs|x86.ActiveCfg = Release|Any CPU
		{61775323-739F-4765-82B8-FD43ED901A0B}.ReleaseWinUICs|x86.Build.0 = Release|Any CPU
		{61775323-739F-4765-82B8-FD43ED901A0B}.ReleaseWPF|Any CPU.ActiveCfg = Release|Any CPU
		{61775323-739F-4765-82B8-FD43ED901A0B}.ReleaseWPF|Any CPU.Build.0 = Release|Any CPU
		{61775323-739F-4765-82B8-FD43ED901A0B}.ReleaseWPF|arm64.ActiveCfg = Release|Any CPU
		{61775323-739F-4765-82B8-FD43ED901A0B}.ReleaseWPF|arm64.Build.0 = Release|Any CPU
		{61775323-739F-4765-82B8-FD43ED901A0B}.ReleaseWPF|x86.ActiveCfg = Release|Any CPU
		{61775323-739F-4765-82B8-FD43ED901A0B}.ReleaseWPF|x86.Build.0 = Release|Any CPU
		{C662AD69-A1A7-4D95-A0A8-1DD33F537096}.Analyze|Any CPU.ActiveCfg = Debug|Any CPU
		{C662AD69-A1A7-4D95-A0A8-1DD33F537096}.Analyze|Any CPU.Build.0 = Debug|Any CPU
		{C662AD69-A1A7-4D95-A0A8-1DD33F537096}.Analyze|arm64.ActiveCfg = Release|Any CPU
		{C662AD69-A1A7-4D95-A0A8-1DD33F537096}.Analyze|arm64.Build.0 = Release|Any CPU
		{C662AD69-A1A7-4D95-A0A8-1DD33F537096}.Analyze|x86.ActiveCfg = Release|Any CPU
		{C662AD69-A1A7-4D95-A0A8-1DD33F537096}.Analyze|x86.Build.0 = Release|Any CPU
		{C662AD69-A1A7-4D95-A0A8-1DD33F537096}.Debug|Any CPU.ActiveCfg = Debug|Any CPU
		{C662AD69-A1A7-4D95-A0A8-1DD33F537096}.Debug|Any CPU.Build.0 = Debug|Any CPU
		{C662AD69-A1A7-4D95-A0A8-1DD33F537096}.Debug|arm64.ActiveCfg = Debug|Any CPU
		{C662AD69-A1A7-4D95-A0A8-1DD33F537096}.Debug|arm64.Build.0 = Debug|Any CPU
		{C662AD69-A1A7-4D95-A0A8-1DD33F537096}.Debug|x86.ActiveCfg = Debug|Any CPU
		{C662AD69-A1A7-4D95-A0A8-1DD33F537096}.Debug|x86.Build.0 = Debug|Any CPU
		{C662AD69-A1A7-4D95-A0A8-1DD33F537096}.DebugALL|Any CPU.ActiveCfg = Debug|Any CPU
		{C662AD69-A1A7-4D95-A0A8-1DD33F537096}.DebugALL|Any CPU.Build.0 = Debug|Any CPU
		{C662AD69-A1A7-4D95-A0A8-1DD33F537096}.DebugALL|arm64.ActiveCfg = Debug|Any CPU
		{C662AD69-A1A7-4D95-A0A8-1DD33F537096}.DebugALL|arm64.Build.0 = Debug|Any CPU
		{C662AD69-A1A7-4D95-A0A8-1DD33F537096}.DebugALL|x86.ActiveCfg = Debug|Any CPU
		{C662AD69-A1A7-4D95-A0A8-1DD33F537096}.DebugALL|x86.Build.0 = Debug|Any CPU
		{C662AD69-A1A7-4D95-A0A8-1DD33F537096}.DebugUWP|Any CPU.ActiveCfg = Debug|Any CPU
		{C662AD69-A1A7-4D95-A0A8-1DD33F537096}.DebugUWP|arm64.ActiveCfg = Debug|Any CPU
		{C662AD69-A1A7-4D95-A0A8-1DD33F537096}.DebugUWP|arm64.Build.0 = Debug|Any CPU
		{C662AD69-A1A7-4D95-A0A8-1DD33F537096}.DebugUWP|x86.ActiveCfg = Debug|Any CPU
		{C662AD69-A1A7-4D95-A0A8-1DD33F537096}.DebugUWP|x86.Build.0 = Debug|Any CPU
		{C662AD69-A1A7-4D95-A0A8-1DD33F537096}.DebugWinUICpp|Any CPU.ActiveCfg = Debug|Any CPU
		{C662AD69-A1A7-4D95-A0A8-1DD33F537096}.DebugWinUICpp|arm64.ActiveCfg = Debug|Any CPU
		{C662AD69-A1A7-4D95-A0A8-1DD33F537096}.DebugWinUICpp|arm64.Build.0 = Debug|Any CPU
		{C662AD69-A1A7-4D95-A0A8-1DD33F537096}.DebugWinUICpp|x86.ActiveCfg = Debug|Any CPU
		{C662AD69-A1A7-4D95-A0A8-1DD33F537096}.DebugWinUICpp|x86.Build.0 = Debug|Any CPU
		{C662AD69-A1A7-4D95-A0A8-1DD33F537096}.DebugWinUICs|Any CPU.ActiveCfg = Debug|Any CPU
		{C662AD69-A1A7-4D95-A0A8-1DD33F537096}.DebugWinUICs|arm64.ActiveCfg = Debug|Any CPU
		{C662AD69-A1A7-4D95-A0A8-1DD33F537096}.DebugWinUICs|arm64.Build.0 = Debug|Any CPU
		{C662AD69-A1A7-4D95-A0A8-1DD33F537096}.DebugWinUICs|x86.ActiveCfg = Debug|Any CPU
		{C662AD69-A1A7-4D95-A0A8-1DD33F537096}.DebugWinUICs|x86.Build.0 = Debug|Any CPU
		{C662AD69-A1A7-4D95-A0A8-1DD33F537096}.DebugWPF|Any CPU.ActiveCfg = Debug|Any CPU
		{C662AD69-A1A7-4D95-A0A8-1DD33F537096}.DebugWPF|Any CPU.Build.0 = Debug|Any CPU
		{C662AD69-A1A7-4D95-A0A8-1DD33F537096}.DebugWPF|arm64.ActiveCfg = Debug|Any CPU
		{C662AD69-A1A7-4D95-A0A8-1DD33F537096}.DebugWPF|arm64.Build.0 = Debug|Any CPU
		{C662AD69-A1A7-4D95-A0A8-1DD33F537096}.DebugWPF|x86.ActiveCfg = Debug|Any CPU
		{C662AD69-A1A7-4D95-A0A8-1DD33F537096}.DebugWPF|x86.Build.0 = Debug|Any CPU
		{C662AD69-A1A7-4D95-A0A8-1DD33F537096}.Release|Any CPU.ActiveCfg = Release|Any CPU
		{C662AD69-A1A7-4D95-A0A8-1DD33F537096}.Release|Any CPU.Build.0 = Release|Any CPU
		{C662AD69-A1A7-4D95-A0A8-1DD33F537096}.Release|arm64.ActiveCfg = Release|Any CPU
		{C662AD69-A1A7-4D95-A0A8-1DD33F537096}.Release|arm64.Build.0 = Release|Any CPU
		{C662AD69-A1A7-4D95-A0A8-1DD33F537096}.Release|x86.ActiveCfg = Release|Any CPU
		{C662AD69-A1A7-4D95-A0A8-1DD33F537096}.Release|x86.Build.0 = Release|Any CPU
		{C662AD69-A1A7-4D95-A0A8-1DD33F537096}.ReleaseUWP|Any CPU.ActiveCfg = Release|Any CPU
		{C662AD69-A1A7-4D95-A0A8-1DD33F537096}.ReleaseUWP|arm64.ActiveCfg = Release|Any CPU
		{C662AD69-A1A7-4D95-A0A8-1DD33F537096}.ReleaseUWP|arm64.Build.0 = Release|Any CPU
		{C662AD69-A1A7-4D95-A0A8-1DD33F537096}.ReleaseUWP|x86.ActiveCfg = Release|Any CPU
		{C662AD69-A1A7-4D95-A0A8-1DD33F537096}.ReleaseUWP|x86.Build.0 = Release|Any CPU
		{C662AD69-A1A7-4D95-A0A8-1DD33F537096}.ReleaseWinUICpp|Any CPU.ActiveCfg = Release|Any CPU
		{C662AD69-A1A7-4D95-A0A8-1DD33F537096}.ReleaseWinUICpp|arm64.ActiveCfg = Release|Any CPU
		{C662AD69-A1A7-4D95-A0A8-1DD33F537096}.ReleaseWinUICpp|arm64.Build.0 = Release|Any CPU
		{C662AD69-A1A7-4D95-A0A8-1DD33F537096}.ReleaseWinUICpp|x86.ActiveCfg = Release|Any CPU
		{C662AD69-A1A7-4D95-A0A8-1DD33F537096}.ReleaseWinUICpp|x86.Build.0 = Release|Any CPU
		{C662AD69-A1A7-4D95-A0A8-1DD33F537096}.ReleaseWinUICs|Any CPU.ActiveCfg = Release|Any CPU
		{C662AD69-A1A7-4D95-A0A8-1DD33F537096}.ReleaseWinUICs|arm64.ActiveCfg = Release|Any CPU
		{C662AD69-A1A7-4D95-A0A8-1DD33F537096}.ReleaseWinUICs|arm64.Build.0 = Release|Any CPU
		{C662AD69-A1A7-4D95-A0A8-1DD33F537096}.ReleaseWinUICs|x86.ActiveCfg = Release|Any CPU
		{C662AD69-A1A7-4D95-A0A8-1DD33F537096}.ReleaseWinUICs|x86.Build.0 = Release|Any CPU
		{C662AD69-A1A7-4D95-A0A8-1DD33F537096}.ReleaseWPF|Any CPU.ActiveCfg = Release|Any CPU
		{C662AD69-A1A7-4D95-A0A8-1DD33F537096}.ReleaseWPF|Any CPU.Build.0 = Release|Any CPU
		{C662AD69-A1A7-4D95-A0A8-1DD33F537096}.ReleaseWPF|arm64.ActiveCfg = Release|Any CPU
		{C662AD69-A1A7-4D95-A0A8-1DD33F537096}.ReleaseWPF|arm64.Build.0 = Release|Any CPU
		{C662AD69-A1A7-4D95-A0A8-1DD33F537096}.ReleaseWPF|x86.ActiveCfg = Release|Any CPU
		{C662AD69-A1A7-4D95-A0A8-1DD33F537096}.ReleaseWPF|x86.Build.0 = Release|Any CPU
		{272B516C-0D73-4BA6-A97E-5C82D5C02ABD}.Analyze|Any CPU.ActiveCfg = Analyze|Any CPU
		{272B516C-0D73-4BA6-A97E-5C82D5C02ABD}.Analyze|Any CPU.Build.0 = Analyze|Any CPU
		{272B516C-0D73-4BA6-A97E-5C82D5C02ABD}.Analyze|arm64.ActiveCfg = Analyze|Any CPU
		{272B516C-0D73-4BA6-A97E-5C82D5C02ABD}.Analyze|arm64.Build.0 = Analyze|Any CPU
		{272B516C-0D73-4BA6-A97E-5C82D5C02ABD}.Analyze|x86.ActiveCfg = Analyze|Any CPU
		{272B516C-0D73-4BA6-A97E-5C82D5C02ABD}.Analyze|x86.Build.0 = Analyze|Any CPU
		{272B516C-0D73-4BA6-A97E-5C82D5C02ABD}.Debug|Any CPU.ActiveCfg = Debug|Any CPU
		{272B516C-0D73-4BA6-A97E-5C82D5C02ABD}.Debug|Any CPU.Build.0 = Debug|Any CPU
		{272B516C-0D73-4BA6-A97E-5C82D5C02ABD}.Debug|arm64.ActiveCfg = Debug|Any CPU
		{272B516C-0D73-4BA6-A97E-5C82D5C02ABD}.Debug|arm64.Build.0 = Debug|Any CPU
		{272B516C-0D73-4BA6-A97E-5C82D5C02ABD}.Debug|x86.ActiveCfg = Debug|Any CPU
		{272B516C-0D73-4BA6-A97E-5C82D5C02ABD}.Debug|x86.Build.0 = Debug|Any CPU
		{272B516C-0D73-4BA6-A97E-5C82D5C02ABD}.DebugALL|Any CPU.ActiveCfg = Debug|Any CPU
		{272B516C-0D73-4BA6-A97E-5C82D5C02ABD}.DebugALL|Any CPU.Build.0 = Debug|Any CPU
		{272B516C-0D73-4BA6-A97E-5C82D5C02ABD}.DebugALL|arm64.ActiveCfg = Debug|Any CPU
		{272B516C-0D73-4BA6-A97E-5C82D5C02ABD}.DebugALL|arm64.Build.0 = Debug|Any CPU
		{272B516C-0D73-4BA6-A97E-5C82D5C02ABD}.DebugALL|x86.ActiveCfg = Debug|Any CPU
		{272B516C-0D73-4BA6-A97E-5C82D5C02ABD}.DebugALL|x86.Build.0 = Debug|Any CPU
		{272B516C-0D73-4BA6-A97E-5C82D5C02ABD}.DebugUWP|Any CPU.ActiveCfg = Debug|Any CPU
		{272B516C-0D73-4BA6-A97E-5C82D5C02ABD}.DebugUWP|Any CPU.Build.0 = Debug|Any CPU
		{272B516C-0D73-4BA6-A97E-5C82D5C02ABD}.DebugUWP|arm64.ActiveCfg = Debug|Any CPU
		{272B516C-0D73-4BA6-A97E-5C82D5C02ABD}.DebugUWP|arm64.Build.0 = Debug|Any CPU
		{272B516C-0D73-4BA6-A97E-5C82D5C02ABD}.DebugUWP|x86.ActiveCfg = Debug|Any CPU
		{272B516C-0D73-4BA6-A97E-5C82D5C02ABD}.DebugUWP|x86.Build.0 = Debug|Any CPU
		{272B516C-0D73-4BA6-A97E-5C82D5C02ABD}.DebugWinUICpp|Any CPU.ActiveCfg = Debug|Any CPU
		{272B516C-0D73-4BA6-A97E-5C82D5C02ABD}.DebugWinUICpp|Any CPU.Build.0 = Debug|Any CPU
		{272B516C-0D73-4BA6-A97E-5C82D5C02ABD}.DebugWinUICpp|arm64.ActiveCfg = Debug|Any CPU
		{272B516C-0D73-4BA6-A97E-5C82D5C02ABD}.DebugWinUICpp|arm64.Build.0 = Debug|Any CPU
		{272B516C-0D73-4BA6-A97E-5C82D5C02ABD}.DebugWinUICpp|x86.ActiveCfg = Debug|Any CPU
		{272B516C-0D73-4BA6-A97E-5C82D5C02ABD}.DebugWinUICpp|x86.Build.0 = Debug|Any CPU
		{272B516C-0D73-4BA6-A97E-5C82D5C02ABD}.DebugWinUICs|Any CPU.ActiveCfg = Debug|Any CPU
		{272B516C-0D73-4BA6-A97E-5C82D5C02ABD}.DebugWinUICs|Any CPU.Build.0 = Debug|Any CPU
		{272B516C-0D73-4BA6-A97E-5C82D5C02ABD}.DebugWinUICs|arm64.ActiveCfg = Debug|Any CPU
		{272B516C-0D73-4BA6-A97E-5C82D5C02ABD}.DebugWinUICs|arm64.Build.0 = Debug|Any CPU
		{272B516C-0D73-4BA6-A97E-5C82D5C02ABD}.DebugWinUICs|x86.ActiveCfg = Debug|Any CPU
		{272B516C-0D73-4BA6-A97E-5C82D5C02ABD}.DebugWinUICs|x86.Build.0 = Debug|Any CPU
		{272B516C-0D73-4BA6-A97E-5C82D5C02ABD}.DebugWPF|Any CPU.ActiveCfg = Debug|Any CPU
		{272B516C-0D73-4BA6-A97E-5C82D5C02ABD}.DebugWPF|Any CPU.Build.0 = Debug|Any CPU
		{272B516C-0D73-4BA6-A97E-5C82D5C02ABD}.DebugWPF|arm64.ActiveCfg = Debug|Any CPU
		{272B516C-0D73-4BA6-A97E-5C82D5C02ABD}.DebugWPF|arm64.Build.0 = Debug|Any CPU
		{272B516C-0D73-4BA6-A97E-5C82D5C02ABD}.DebugWPF|x86.ActiveCfg = Debug|Any CPU
		{272B516C-0D73-4BA6-A97E-5C82D5C02ABD}.DebugWPF|x86.Build.0 = Debug|Any CPU
		{272B516C-0D73-4BA6-A97E-5C82D5C02ABD}.Release|Any CPU.ActiveCfg = Release|Any CPU
		{272B516C-0D73-4BA6-A97E-5C82D5C02ABD}.Release|Any CPU.Build.0 = Release|Any CPU
		{272B516C-0D73-4BA6-A97E-5C82D5C02ABD}.Release|arm64.ActiveCfg = Release|Any CPU
		{272B516C-0D73-4BA6-A97E-5C82D5C02ABD}.Release|arm64.Build.0 = Release|Any CPU
		{272B516C-0D73-4BA6-A97E-5C82D5C02ABD}.Release|x86.ActiveCfg = Release|Any CPU
		{272B516C-0D73-4BA6-A97E-5C82D5C02ABD}.Release|x86.Build.0 = Release|Any CPU
		{272B516C-0D73-4BA6-A97E-5C82D5C02ABD}.ReleaseUWP|Any CPU.ActiveCfg = Release|Any CPU
		{272B516C-0D73-4BA6-A97E-5C82D5C02ABD}.ReleaseUWP|Any CPU.Build.0 = Release|Any CPU
		{272B516C-0D73-4BA6-A97E-5C82D5C02ABD}.ReleaseUWP|arm64.ActiveCfg = Release|Any CPU
		{272B516C-0D73-4BA6-A97E-5C82D5C02ABD}.ReleaseUWP|arm64.Build.0 = Release|Any CPU
		{272B516C-0D73-4BA6-A97E-5C82D5C02ABD}.ReleaseUWP|x86.ActiveCfg = Release|Any CPU
		{272B516C-0D73-4BA6-A97E-5C82D5C02ABD}.ReleaseUWP|x86.Build.0 = Release|Any CPU
		{272B516C-0D73-4BA6-A97E-5C82D5C02ABD}.ReleaseWinUICpp|Any CPU.ActiveCfg = Release|Any CPU
		{272B516C-0D73-4BA6-A97E-5C82D5C02ABD}.ReleaseWinUICpp|Any CPU.Build.0 = Release|Any CPU
		{272B516C-0D73-4BA6-A97E-5C82D5C02ABD}.ReleaseWinUICpp|arm64.ActiveCfg = Release|Any CPU
		{272B516C-0D73-4BA6-A97E-5C82D5C02ABD}.ReleaseWinUICpp|arm64.Build.0 = Release|Any CPU
		{272B516C-0D73-4BA6-A97E-5C82D5C02ABD}.ReleaseWinUICpp|x86.ActiveCfg = Release|Any CPU
		{272B516C-0D73-4BA6-A97E-5C82D5C02ABD}.ReleaseWinUICpp|x86.Build.0 = Release|Any CPU
		{272B516C-0D73-4BA6-A97E-5C82D5C02ABD}.ReleaseWinUICs|Any CPU.ActiveCfg = Release|Any CPU
		{272B516C-0D73-4BA6-A97E-5C82D5C02ABD}.ReleaseWinUICs|Any CPU.Build.0 = Release|Any CPU
		{272B516C-0D73-4BA6-A97E-5C82D5C02ABD}.ReleaseWinUICs|arm64.ActiveCfg = Release|Any CPU
		{272B516C-0D73-4BA6-A97E-5C82D5C02ABD}.ReleaseWinUICs|arm64.Build.0 = Release|Any CPU
		{272B516C-0D73-4BA6-A97E-5C82D5C02ABD}.ReleaseWinUICs|x86.ActiveCfg = Release|Any CPU
		{272B516C-0D73-4BA6-A97E-5C82D5C02ABD}.ReleaseWinUICs|x86.Build.0 = Release|Any CPU
		{272B516C-0D73-4BA6-A97E-5C82D5C02ABD}.ReleaseWPF|Any CPU.ActiveCfg = Release|Any CPU
		{272B516C-0D73-4BA6-A97E-5C82D5C02ABD}.ReleaseWPF|Any CPU.Build.0 = Release|Any CPU
		{272B516C-0D73-4BA6-A97E-5C82D5C02ABD}.ReleaseWPF|arm64.ActiveCfg = Release|Any CPU
		{272B516C-0D73-4BA6-A97E-5C82D5C02ABD}.ReleaseWPF|arm64.Build.0 = Release|Any CPU
		{272B516C-0D73-4BA6-A97E-5C82D5C02ABD}.ReleaseWPF|x86.ActiveCfg = Release|Any CPU
		{272B516C-0D73-4BA6-A97E-5C82D5C02ABD}.ReleaseWPF|x86.Build.0 = Release|Any CPU
		{98849B09-BB00-4680-999E-60CA37011A87}.Analyze|Any CPU.ActiveCfg = Debug|Any CPU
		{98849B09-BB00-4680-999E-60CA37011A87}.Analyze|Any CPU.Build.0 = Debug|Any CPU
		{98849B09-BB00-4680-999E-60CA37011A87}.Analyze|arm64.ActiveCfg = Debug|arm64
		{98849B09-BB00-4680-999E-60CA37011A87}.Analyze|arm64.Build.0 = Debug|arm64
		{98849B09-BB00-4680-999E-60CA37011A87}.Analyze|x86.ActiveCfg = Debug|x86
		{98849B09-BB00-4680-999E-60CA37011A87}.Analyze|x86.Build.0 = Debug|x86
		{98849B09-BB00-4680-999E-60CA37011A87}.Debug|Any CPU.ActiveCfg = Debug|Any CPU
		{98849B09-BB00-4680-999E-60CA37011A87}.Debug|Any CPU.Build.0 = Debug|Any CPU
		{98849B09-BB00-4680-999E-60CA37011A87}.Debug|arm64.ActiveCfg = Debug|arm64
		{98849B09-BB00-4680-999E-60CA37011A87}.Debug|arm64.Build.0 = Debug|arm64
		{98849B09-BB00-4680-999E-60CA37011A87}.Debug|x86.ActiveCfg = Debug|x86
		{98849B09-BB00-4680-999E-60CA37011A87}.Debug|x86.Build.0 = Debug|x86
		{98849B09-BB00-4680-999E-60CA37011A87}.DebugALL|Any CPU.ActiveCfg = Debug|Any CPU
		{98849B09-BB00-4680-999E-60CA37011A87}.DebugALL|Any CPU.Build.0 = Debug|Any CPU
		{98849B09-BB00-4680-999E-60CA37011A87}.DebugALL|arm64.ActiveCfg = Debug|arm64
		{98849B09-BB00-4680-999E-60CA37011A87}.DebugALL|arm64.Build.0 = Debug|arm64
		{98849B09-BB00-4680-999E-60CA37011A87}.DebugALL|x86.ActiveCfg = Debug|x86
		{98849B09-BB00-4680-999E-60CA37011A87}.DebugALL|x86.Build.0 = Debug|x86
		{98849B09-BB00-4680-999E-60CA37011A87}.DebugUWP|Any CPU.ActiveCfg = Debug|Any CPU
		{98849B09-BB00-4680-999E-60CA37011A87}.DebugUWP|Any CPU.Build.0 = Debug|Any CPU
		{98849B09-BB00-4680-999E-60CA37011A87}.DebugUWP|arm64.ActiveCfg = Debug|arm64
		{98849B09-BB00-4680-999E-60CA37011A87}.DebugUWP|arm64.Build.0 = Debug|arm64
		{98849B09-BB00-4680-999E-60CA37011A87}.DebugUWP|x86.ActiveCfg = Debug|x86
		{98849B09-BB00-4680-999E-60CA37011A87}.DebugUWP|x86.Build.0 = Debug|x86
		{98849B09-BB00-4680-999E-60CA37011A87}.DebugWinUICpp|Any CPU.ActiveCfg = Debug|Any CPU
		{98849B09-BB00-4680-999E-60CA37011A87}.DebugWinUICpp|Any CPU.Build.0 = Debug|Any CPU
		{98849B09-BB00-4680-999E-60CA37011A87}.DebugWinUICpp|arm64.ActiveCfg = Debug|arm64
		{98849B09-BB00-4680-999E-60CA37011A87}.DebugWinUICpp|arm64.Build.0 = Debug|arm64
		{98849B09-BB00-4680-999E-60CA37011A87}.DebugWinUICpp|x86.ActiveCfg = Debug|x86
		{98849B09-BB00-4680-999E-60CA37011A87}.DebugWinUICpp|x86.Build.0 = Debug|x86
		{98849B09-BB00-4680-999E-60CA37011A87}.DebugWinUICs|Any CPU.ActiveCfg = Debug|Any CPU
		{98849B09-BB00-4680-999E-60CA37011A87}.DebugWinUICs|Any CPU.Build.0 = Debug|Any CPU
		{98849B09-BB00-4680-999E-60CA37011A87}.DebugWinUICs|arm64.ActiveCfg = Debug|arm64
		{98849B09-BB00-4680-999E-60CA37011A87}.DebugWinUICs|arm64.Build.0 = Debug|arm64
		{98849B09-BB00-4680-999E-60CA37011A87}.DebugWinUICs|x86.ActiveCfg = Debug|x86
		{98849B09-BB00-4680-999E-60CA37011A87}.DebugWinUICs|x86.Build.0 = Debug|x86
		{98849B09-BB00-4680-999E-60CA37011A87}.DebugWPF|Any CPU.ActiveCfg = Debug|Any CPU
		{98849B09-BB00-4680-999E-60CA37011A87}.DebugWPF|Any CPU.Build.0 = Debug|Any CPU
		{98849B09-BB00-4680-999E-60CA37011A87}.DebugWPF|arm64.ActiveCfg = Debug|arm64
		{98849B09-BB00-4680-999E-60CA37011A87}.DebugWPF|arm64.Build.0 = Debug|arm64
		{98849B09-BB00-4680-999E-60CA37011A87}.DebugWPF|x86.ActiveCfg = Debug|x86
		{98849B09-BB00-4680-999E-60CA37011A87}.DebugWPF|x86.Build.0 = Debug|x86
		{98849B09-BB00-4680-999E-60CA37011A87}.Release|Any CPU.ActiveCfg = Release|Any CPU
		{98849B09-BB00-4680-999E-60CA37011A87}.Release|Any CPU.Build.0 = Release|Any CPU
		{98849B09-BB00-4680-999E-60CA37011A87}.Release|arm64.ActiveCfg = Release|arm64
		{98849B09-BB00-4680-999E-60CA37011A87}.Release|arm64.Build.0 = Release|arm64
		{98849B09-BB00-4680-999E-60CA37011A87}.Release|x86.ActiveCfg = Release|x86
		{98849B09-BB00-4680-999E-60CA37011A87}.Release|x86.Build.0 = Release|x86
		{98849B09-BB00-4680-999E-60CA37011A87}.ReleaseUWP|Any CPU.ActiveCfg = Release|Any CPU
		{98849B09-BB00-4680-999E-60CA37011A87}.ReleaseUWP|Any CPU.Build.0 = Release|Any CPU
		{98849B09-BB00-4680-999E-60CA37011A87}.ReleaseUWP|arm64.ActiveCfg = Release|arm64
		{98849B09-BB00-4680-999E-60CA37011A87}.ReleaseUWP|arm64.Build.0 = Release|arm64
		{98849B09-BB00-4680-999E-60CA37011A87}.ReleaseUWP|x86.ActiveCfg = Release|x86
		{98849B09-BB00-4680-999E-60CA37011A87}.ReleaseUWP|x86.Build.0 = Release|x86
		{98849B09-BB00-4680-999E-60CA37011A87}.ReleaseWinUICpp|Any CPU.ActiveCfg = Release|Any CPU
		{98849B09-BB00-4680-999E-60CA37011A87}.ReleaseWinUICpp|Any CPU.Build.0 = Release|Any CPU
		{98849B09-BB00-4680-999E-60CA37011A87}.ReleaseWinUICpp|arm64.ActiveCfg = Release|arm64
		{98849B09-BB00-4680-999E-60CA37011A87}.ReleaseWinUICpp|arm64.Build.0 = Release|arm64
		{98849B09-BB00-4680-999E-60CA37011A87}.ReleaseWinUICpp|x86.ActiveCfg = Release|x86
		{98849B09-BB00-4680-999E-60CA37011A87}.ReleaseWinUICpp|x86.Build.0 = Release|x86
		{98849B09-BB00-4680-999E-60CA37011A87}.ReleaseWinUICs|Any CPU.ActiveCfg = Release|Any CPU
		{98849B09-BB00-4680-999E-60CA37011A87}.ReleaseWinUICs|Any CPU.Build.0 = Release|Any CPU
		{98849B09-BB00-4680-999E-60CA37011A87}.ReleaseWinUICs|arm64.ActiveCfg = Release|arm64
		{98849B09-BB00-4680-999E-60CA37011A87}.ReleaseWinUICs|arm64.Build.0 = Release|arm64
		{98849B09-BB00-4680-999E-60CA37011A87}.ReleaseWinUICs|x86.ActiveCfg = Release|x86
		{98849B09-BB00-4680-999E-60CA37011A87}.ReleaseWinUICs|x86.Build.0 = Release|x86
		{98849B09-BB00-4680-999E-60CA37011A87}.ReleaseWPF|Any CPU.ActiveCfg = Release|Any CPU
		{98849B09-BB00-4680-999E-60CA37011A87}.ReleaseWPF|Any CPU.Build.0 = Release|Any CPU
		{98849B09-BB00-4680-999E-60CA37011A87}.ReleaseWPF|arm64.ActiveCfg = Release|arm64
		{98849B09-BB00-4680-999E-60CA37011A87}.ReleaseWPF|arm64.Build.0 = Release|arm64
		{98849B09-BB00-4680-999E-60CA37011A87}.ReleaseWPF|x86.ActiveCfg = Release|x86
		{98849B09-BB00-4680-999E-60CA37011A87}.ReleaseWPF|x86.Build.0 = Release|x86
		{74ED48EE-940B-4F67-93ED-BDA344671BB0}.Analyze|Any CPU.ActiveCfg = Debug|Any CPU
		{74ED48EE-940B-4F67-93ED-BDA344671BB0}.Analyze|Any CPU.Build.0 = Debug|Any CPU
		{74ED48EE-940B-4F67-93ED-BDA344671BB0}.Analyze|arm64.ActiveCfg = Debug|arm64
		{74ED48EE-940B-4F67-93ED-BDA344671BB0}.Analyze|arm64.Build.0 = Debug|arm64
		{74ED48EE-940B-4F67-93ED-BDA344671BB0}.Analyze|x86.ActiveCfg = Debug|x86
		{74ED48EE-940B-4F67-93ED-BDA344671BB0}.Analyze|x86.Build.0 = Debug|x86
		{74ED48EE-940B-4F67-93ED-BDA344671BB0}.Debug|Any CPU.ActiveCfg = Debug|Any CPU
		{74ED48EE-940B-4F67-93ED-BDA344671BB0}.Debug|Any CPU.Build.0 = Debug|Any CPU
		{74ED48EE-940B-4F67-93ED-BDA344671BB0}.Debug|arm64.ActiveCfg = Debug|arm64
		{74ED48EE-940B-4F67-93ED-BDA344671BB0}.Debug|arm64.Build.0 = Debug|arm64
		{74ED48EE-940B-4F67-93ED-BDA344671BB0}.Debug|x86.ActiveCfg = Debug|x86
		{74ED48EE-940B-4F67-93ED-BDA344671BB0}.Debug|x86.Build.0 = Debug|x86
		{74ED48EE-940B-4F67-93ED-BDA344671BB0}.DebugALL|Any CPU.ActiveCfg = Debug|Any CPU
		{74ED48EE-940B-4F67-93ED-BDA344671BB0}.DebugALL|Any CPU.Build.0 = Debug|Any CPU
		{74ED48EE-940B-4F67-93ED-BDA344671BB0}.DebugALL|arm64.ActiveCfg = Debug|arm64
		{74ED48EE-940B-4F67-93ED-BDA344671BB0}.DebugALL|arm64.Build.0 = Debug|arm64
		{74ED48EE-940B-4F67-93ED-BDA344671BB0}.DebugALL|x86.ActiveCfg = Debug|x86
		{74ED48EE-940B-4F67-93ED-BDA344671BB0}.DebugALL|x86.Build.0 = Debug|x86
		{74ED48EE-940B-4F67-93ED-BDA344671BB0}.DebugUWP|Any CPU.ActiveCfg = Debug|Any CPU
		{74ED48EE-940B-4F67-93ED-BDA344671BB0}.DebugUWP|Any CPU.Build.0 = Debug|Any CPU
		{74ED48EE-940B-4F67-93ED-BDA344671BB0}.DebugUWP|arm64.ActiveCfg = Debug|arm64
		{74ED48EE-940B-4F67-93ED-BDA344671BB0}.DebugUWP|arm64.Build.0 = Debug|arm64
		{74ED48EE-940B-4F67-93ED-BDA344671BB0}.DebugUWP|x86.ActiveCfg = Debug|x86
		{74ED48EE-940B-4F67-93ED-BDA344671BB0}.DebugUWP|x86.Build.0 = Debug|x86
		{74ED48EE-940B-4F67-93ED-BDA344671BB0}.DebugWinUICpp|Any CPU.ActiveCfg = Debug|Any CPU
		{74ED48EE-940B-4F67-93ED-BDA344671BB0}.DebugWinUICpp|Any CPU.Build.0 = Debug|Any CPU
		{74ED48EE-940B-4F67-93ED-BDA344671BB0}.DebugWinUICpp|arm64.ActiveCfg = Debug|arm64
		{74ED48EE-940B-4F67-93ED-BDA344671BB0}.DebugWinUICpp|arm64.Build.0 = Debug|arm64
		{74ED48EE-940B-4F67-93ED-BDA344671BB0}.DebugWinUICpp|x86.ActiveCfg = Debug|x86
		{74ED48EE-940B-4F67-93ED-BDA344671BB0}.DebugWinUICpp|x86.Build.0 = Debug|x86
		{74ED48EE-940B-4F67-93ED-BDA344671BB0}.DebugWinUICs|Any CPU.ActiveCfg = Debug|Any CPU
		{74ED48EE-940B-4F67-93ED-BDA344671BB0}.DebugWinUICs|Any CPU.Build.0 = Debug|Any CPU
		{74ED48EE-940B-4F67-93ED-BDA344671BB0}.DebugWinUICs|arm64.ActiveCfg = Debug|arm64
		{74ED48EE-940B-4F67-93ED-BDA344671BB0}.DebugWinUICs|arm64.Build.0 = Debug|arm64
		{74ED48EE-940B-4F67-93ED-BDA344671BB0}.DebugWinUICs|x86.ActiveCfg = Debug|x86
		{74ED48EE-940B-4F67-93ED-BDA344671BB0}.DebugWinUICs|x86.Build.0 = Debug|x86
		{74ED48EE-940B-4F67-93ED-BDA344671BB0}.DebugWPF|Any CPU.ActiveCfg = Debug|Any CPU
		{74ED48EE-940B-4F67-93ED-BDA344671BB0}.DebugWPF|Any CPU.Build.0 = Debug|Any CPU
		{74ED48EE-940B-4F67-93ED-BDA344671BB0}.DebugWPF|arm64.ActiveCfg = Debug|arm64
		{74ED48EE-940B-4F67-93ED-BDA344671BB0}.DebugWPF|arm64.Build.0 = Debug|arm64
		{74ED48EE-940B-4F67-93ED-BDA344671BB0}.DebugWPF|x86.ActiveCfg = Debug|x86
		{74ED48EE-940B-4F67-93ED-BDA344671BB0}.DebugWPF|x86.Build.0 = Debug|x86
		{74ED48EE-940B-4F67-93ED-BDA344671BB0}.Release|Any CPU.ActiveCfg = Release|Any CPU
		{74ED48EE-940B-4F67-93ED-BDA344671BB0}.Release|Any CPU.Build.0 = Release|Any CPU
		{74ED48EE-940B-4F67-93ED-BDA344671BB0}.Release|arm64.ActiveCfg = Release|arm64
		{74ED48EE-940B-4F67-93ED-BDA344671BB0}.Release|arm64.Build.0 = Release|arm64
		{74ED48EE-940B-4F67-93ED-BDA344671BB0}.Release|x86.ActiveCfg = Release|x86
		{74ED48EE-940B-4F67-93ED-BDA344671BB0}.Release|x86.Build.0 = Release|x86
		{74ED48EE-940B-4F67-93ED-BDA344671BB0}.ReleaseUWP|Any CPU.ActiveCfg = Release|Any CPU
		{74ED48EE-940B-4F67-93ED-BDA344671BB0}.ReleaseUWP|Any CPU.Build.0 = Release|Any CPU
		{74ED48EE-940B-4F67-93ED-BDA344671BB0}.ReleaseUWP|arm64.ActiveCfg = Release|arm64
		{74ED48EE-940B-4F67-93ED-BDA344671BB0}.ReleaseUWP|arm64.Build.0 = Release|arm64
		{74ED48EE-940B-4F67-93ED-BDA344671BB0}.ReleaseUWP|x86.ActiveCfg = Release|x86
		{74ED48EE-940B-4F67-93ED-BDA344671BB0}.ReleaseUWP|x86.Build.0 = Release|x86
		{74ED48EE-940B-4F67-93ED-BDA344671BB0}.ReleaseWinUICpp|Any CPU.ActiveCfg = Release|Any CPU
		{74ED48EE-940B-4F67-93ED-BDA344671BB0}.ReleaseWinUICpp|Any CPU.Build.0 = Release|Any CPU
		{74ED48EE-940B-4F67-93ED-BDA344671BB0}.ReleaseWinUICpp|arm64.ActiveCfg = Release|arm64
		{74ED48EE-940B-4F67-93ED-BDA344671BB0}.ReleaseWinUICpp|arm64.Build.0 = Release|arm64
		{74ED48EE-940B-4F67-93ED-BDA344671BB0}.ReleaseWinUICpp|x86.ActiveCfg = Release|x86
		{74ED48EE-940B-4F67-93ED-BDA344671BB0}.ReleaseWinUICpp|x86.Build.0 = Release|x86
		{74ED48EE-940B-4F67-93ED-BDA344671BB0}.ReleaseWinUICs|Any CPU.ActiveCfg = Release|Any CPU
		{74ED48EE-940B-4F67-93ED-BDA344671BB0}.ReleaseWinUICs|Any CPU.Build.0 = Release|Any CPU
		{74ED48EE-940B-4F67-93ED-BDA344671BB0}.ReleaseWinUICs|arm64.ActiveCfg = Release|arm64
		{74ED48EE-940B-4F67-93ED-BDA344671BB0}.ReleaseWinUICs|arm64.Build.0 = Release|arm64
		{74ED48EE-940B-4F67-93ED-BDA344671BB0}.ReleaseWinUICs|x86.ActiveCfg = Release|x86
		{74ED48EE-940B-4F67-93ED-BDA344671BB0}.ReleaseWinUICs|x86.Build.0 = Release|x86
		{74ED48EE-940B-4F67-93ED-BDA344671BB0}.ReleaseWPF|Any CPU.ActiveCfg = Release|Any CPU
		{74ED48EE-940B-4F67-93ED-BDA344671BB0}.ReleaseWPF|Any CPU.Build.0 = Release|Any CPU
		{74ED48EE-940B-4F67-93ED-BDA344671BB0}.ReleaseWPF|arm64.ActiveCfg = Release|arm64
		{74ED48EE-940B-4F67-93ED-BDA344671BB0}.ReleaseWPF|arm64.Build.0 = Release|arm64
		{74ED48EE-940B-4F67-93ED-BDA344671BB0}.ReleaseWPF|x86.ActiveCfg = Release|x86
		{74ED48EE-940B-4F67-93ED-BDA344671BB0}.ReleaseWPF|x86.Build.0 = Release|x86
	EndGlobalSection
	GlobalSection(SolutionProperties) = preSolution
		HideSolutionNode = FALSE
	EndGlobalSection
	GlobalSection(NestedProjects) = preSolution
		{05A9FF68-54EB-4B4F-AFA0-7BE5842C2FE5} = {309D810A-FB76-489B-B6CE-0B5C7692BBD3}
		{7496482F-BAD2-428D-A337-5DC0137ECA3F} = {7DB775AE-10C1-4CEA-B3F5-E7438C0F420A}
		{3CEF00D1-B49D-4339-A54C-769E7D2B71BB} = {7DB775AE-10C1-4CEA-B3F5-E7438C0F420A}
		{61775323-739F-4765-82B8-FD43ED901A0B} = {7DB775AE-10C1-4CEA-B3F5-E7438C0F420A}
		{C662AD69-A1A7-4D95-A0A8-1DD33F537096} = {7DB775AE-10C1-4CEA-B3F5-E7438C0F420A}
		{272B516C-0D73-4BA6-A97E-5C82D5C02ABD} = {7DB775AE-10C1-4CEA-B3F5-E7438C0F420A}
		{98849B09-BB00-4680-999E-60CA37011A87} = {05A9FF68-54EB-4B4F-AFA0-7BE5842C2FE5}
		{74ED48EE-940B-4F67-93ED-BDA344671BB0} = {05A9FF68-54EB-4B4F-AFA0-7BE5842C2FE5}
	EndGlobalSection
	GlobalSection(ExtensibilityGlobals) = postSolution
		SolutionGuid = {4CD0BFF6-4CE6-484D-87DE-1B972DB7FE29}
	EndGlobalSection
	GlobalSection(SharedMSBuildProjectFiles) = preSolution
		SharedFunctionality.UI\SharedFunctionality.UI.projitems*{14171f44-37a1-4476-9877-92f9294c8864}*SharedItemsImports = 13
		SharedFunctionality.Core\SharedFunctionality.Core.projitems*{272b516c-0d73-4ba6-a97e-5c82d5c02abd}*SharedItemsImports = 4
		SharedFunctionality.UI\SharedFunctionality.UI.projitems*{272b516c-0d73-4ba6-a97e-5c82d5c02abd}*SharedItemsImports = 4
		SharedFunctionality.Core\SharedFunctionality.Core.projitems*{3cef00d1-b49d-4339-a54c-769e7d2b71bb}*SharedItemsImports = 5
		SharedFunctionality.Core\SharedFunctionality.Core.projitems*{40caa13a-a94e-43f4-916d-070e15883878}*SharedItemsImports = 13
		SharedFunctionality.Core\SharedFunctionality.Core.projitems*{61775323-739f-4765-82b8-fd43ed901a0b}*SharedItemsImports = 4
		SharedFunctionality.UI\SharedFunctionality.UI.projitems*{61775323-739f-4765-82b8-fd43ed901a0b}*SharedItemsImports = 4
		test\SharedFunctionality.Tests\SharedFunctionality.Tests.projitems*{61775323-739f-4765-82b8-fd43ed901a0b}*SharedItemsImports = 4
		test\SharedFunctionality.Tests\SharedFunctionality.Tests.projitems*{7496482f-bad2-428d-a337-5dc0137eca3f}*SharedItemsImports = 13
		SharedFunctionality.Core\SharedFunctionality.Core.projitems*{c662ad69-a1a7-4d95-a0a8-1dd33f537096}*SharedItemsImports = 4
		SharedFunctionality.UI\SharedFunctionality.UI.projitems*{c662ad69-a1a7-4d95-a0a8-1dd33f537096}*SharedItemsImports = 4
		test\SharedFunctionality.Tests\SharedFunctionality.Tests.projitems*{c662ad69-a1a7-4d95-a0a8-1dd33f537096}*SharedItemsImports = 4
		SharedFunctionality.Core\SharedFunctionality.Core.projitems*{d53bb989-5fa3-4f0c-b67a-69d61f488723}*SharedItemsImports = 4
		SharedFunctionality.UI\SharedFunctionality.UI.projitems*{d53bb989-5fa3-4f0c-b67a-69d61f488723}*SharedItemsImports = 4
	EndGlobalSection
EndGlobal
